{
  "name": "@junobuild/cdn",
  "version": "0.0.1",
  "lockfileVersion": 3,
  "requires": true,
  "packages": {
    "": {
      "name": "@junobuild/cdn",
      "version": "0.0.1",
      "dependencies": {
        "prism-themes": "^1.9.0",
        "prismjs": "^1.29.0",
        "qr-creator": "^1.0.0"
      }
    },
    "node_modules/prism-themes": {
      "version": "1.9.0",
      "resolved": "https://registry.npmjs.org/prism-themes/-/prism-themes-1.9.0.tgz",
      "integrity": "sha512-tX2AYsehKDw1EORwBps+WhBFKc2kxfoFpQAjxBndbZKr4fRmMkv47XN0BghC/K1qwodB1otbe4oF23vUTFDokw=="
    },
    "node_modules/prismjs": {
      "version": "1.29.0",
      "resolved": "https://registry.npmjs.org/prismjs/-/prismjs-1.29.0.tgz",
      "integrity": "sha512-Kx/1w86q/epKcmte75LNrEoT+lX8pBpavuAbvJWRXar7Hz8jrtF+e3vY751p0R8H9HdArwaCTNDDzHg/ScJK1Q==",
      "engines": {
        "node": ">=6"
      }
    },
    "node_modules/qr-creator": {
      "version": "1.0.0",
      "resolved": "https://registry.npmjs.org/qr-creator/-/qr-creator-1.0.0.tgz",
      "integrity": "sha512-C0cqfbS1P5hfqN4NhsYsUXePlk9BO+a45bAQ3xLYjBL3bOIFzoVEjs79Fado9u9BPBD3buHi3+vY+C8tHh4qMQ=="
    }
  }
}
